
Microsoft Visual Studio Solution File, Format Version 12.00
# Visual Studio Version 17
VisualStudioVersion = 17.0.31903.59
MinimumVisualStudioVersion = 10.0.40219.1
Project("{2150E333-8FDC-42A3-9474-1A3956D46DE8}") = "src", "src", "{DC297990-5BCF-41E8-B1E6-1242AD16DA72}"
EndProject
Project("{FAE04EC0-301F-11D3-BF4B-00C04F79EFBC}") = "MotorAudiencia.Domain", "src\MotorAudiencia.Domain\MotorAudiencia.Domain.csproj", "{D83BCF6C-31FB-40B3-BE7C-E70575AFD9EC}"
EndProject
Project("{FAE04EC0-301F-11D3-BF4B-00C04F79EFBC}") = "MotorAudiencia.Application", "src\MotorAudiencia.Application\MotorAudiencia.Application.csproj", "{6776AA38-E156-40BC-98DE-8A18BA6EFE92}"
EndProject
Project("{FAE04EC0-301F-11D3-BF4B-00C04F79EFBC}") = "MotorAudiencia.Infrastructure", "src\MotorAudiencia.Infrastructure\MotorAudiencia.Infrastructure.csproj", "{3E693C03-F9AB-4D20-8852-A0D6D8EF2E24}"
EndProject
Project("{FAE04EC0-301F-11D3-BF4B-00C04F79EFBC}") = "MotorAudiencia.API", "src\MotorAudiencia.API\MotorAudiencia.API.csproj", "{B1EEF537-7043-4551-988B-6505A77B293A}"
EndProject
Project("{2150E333-8FDC-42A3-9474-1A3956D46DE8}") = "tests", "tests", "{F274060D-774E-4EAA-9B0D-5A4F73A4CD68}"
EndProject
Project("{FAE04EC0-301F-11D3-BF4B-00C04F79EFBC}") = "MotorAudiencia.Tests", "tests\MotorAudiencia.Tests\MotorAudiencia.Tests.csproj", "{F8152D2A-0E1B-4146-98E5-42B422AFDD55}"
EndProject
Project("{2150E333-8FDC-42A3-9474-1A3956D46DE8}") = "workers", "workers", "{9635C57E-2A5A-454B-A3F0-218660A522FF}"
EndProject
Project("{FAE04EC0-301F-11D3-BF4B-00C04F79EFBC}") = "MotorAudiencia.ValidatorWorker", "workers\MotorAudiencia.ValidatorWorker\MotorAudiencia.ValidatorWorker.csproj", "{E8A24401-83EA-4989-8DF2-D2388A41EEE6}"
EndProject
Project("{FAE04EC0-301F-11D3-BF4B-00C04F79EFBC}") = "MotorAudiencia.DeduplicatorWorker", "workers\MotorAudiencia.DeduplicatorWorker\MotorAudiencia.DeduplicatorWorker.csproj", "{CC316325-EE6D-4D6A-917F-D8814F3B2E39}"
EndProject
Project("{FAE04EC0-301F-11D3-BF4B-00C04F79EFBC}") = "MotorAudiencia.EnricherWorker", "workers\MotorAudiencia.EnricherWorker\MotorAudiencia.EnricherWorker.csproj", "{01311067-0CF3-42AB-877E-9FDD1C937055}"
EndProject
Project("{FAE04EC0-301F-11D3-BF4B-00C04F79EFBC}") = "MotorAudiencia.ScorerWorker", "workers\MotorAudiencia.ScorerWorker\MotorAudiencia.ScorerWorker.csproj", "{CC204E3A-37E8-49A3-9D56-EEA17C3E73C1}"
EndProject
Project("{FAE04EC0-301F-11D3-BF4B-00C04F79EFBC}") = "MotorAudiencia.OrchestratorWorker", "workers\MotorAudiencia.OrchestratorWorker\MotorAudiencia.OrchestratorWorker.csproj", "{AA7DDEB9-8BE6-4679-B23F-2D675FAE7ED3}"
EndProject
Global
	GlobalSection(SolutionConfigurationPlatforms) = preSolution
		Debug|Any CPU = Debug|Any CPU
		Release|Any CPU = Release|Any CPU
	EndGlobalSection
	GlobalSection(SolutionProperties) = preSolution
		HideSolutionNode = FALSE
	EndGlobalSection
	GlobalSection(ProjectConfigurationPlatforms) = postSolution
		{D83BCF6C-31FB-40B3-BE7C-E70575AFD9EC}.Debug|Any CPU.ActiveCfg = Debug|Any CPU
		{D83BCF6C-31FB-40B3-BE7C-E70575AFD9EC}.Debug|Any CPU.Build.0 = Debug|Any CPU
		{D83BCF6C-31FB-40B3-BE7C-E70575AFD9EC}.Release|Any CPU.ActiveCfg = Release|Any CPU
		{D83BCF6C-31FB-40B3-BE7C-E70575AFD9EC}.Release|Any CPU.Build.0 = Release|Any CPU
		{6776AA38-E156-40BC-98DE-8A18BA6EFE92}.Debug|Any CPU.ActiveCfg = Debug|Any CPU
		{6776AA38-E156-40BC-98DE-8A18BA6EFE92}.Debug|Any CPU.Build.0 = Debug|Any CPU
		{6776AA38-E156-40BC-98DE-8A18BA6EFE92}.Release|Any CPU.ActiveCfg = Release|Any CPU
		{6776AA38-E156-40BC-98DE-8A18BA6EFE92}.Release|Any CPU.Build.0 = Release|Any CPU
		{3E693C03-F9AB-4D20-8852-A0D6D8EF2E24}.Debug|Any CPU.ActiveCfg = Debug|Any CPU
		{3E693C03-F9AB-4D20-8852-A0D6D8EF2E24}.Debug|Any CPU.Build.0 = Debug|Any CPU
		{3E693C03-F9AB-4D20-8852-A0D6D8EF2E24}.Release|Any CPU.ActiveCfg = Release|Any CPU
		{3E693C03-F9AB-4D20-8852-A0D6D8EF2E24}.Release|Any CPU.Build.0 = Release|Any CPU
		{B1EEF537-7043-4551-988B-6505A77B293A}.Debug|Any CPU.ActiveCfg = Debug|Any CPU
		{B1EEF537-7043-4551-988B-6505A77B293A}.Debug|Any CPU.Build.0 = Debug|Any CPU
		{B1EEF537-7043-4551-988B-6505A77B293A}.Release|Any CPU.ActiveCfg = Release|Any CPU
		{B1EEF537-7043-4551-988B-6505A77B293A}.Release|Any CPU.Build.0 = Release|Any CPU
		{F8152D2A-0E1B-4146-98E5-42B422AFDD55}.Debug|Any CPU.ActiveCfg = Debug|Any CPU
		{F8152D2A-0E1B-4146-98E5-42B422AFDD55}.Debug|Any CPU.Build.0 = Debug|Any CPU
		{F8152D2A-0E1B-4146-98E5-42B422AFDD55}.Release|Any CPU.ActiveCfg = Release|Any CPU
		{F8152D2A-0E1B-4146-98E5-42B422AFDD55}.Release|Any CPU.Build.0 = Release|Any CPU
		{E8A24401-83EA-4989-8DF2-D2388A41EEE6}.Debug|Any CPU.ActiveCfg = Debug|Any CPU
		{E8A24401-83EA-4989-8DF2-D2388A41EEE6}.Debug|Any CPU.Build.0 = Debug|Any CPU
		{E8A24401-83EA-4989-8DF2-D2388A41EEE6}.Release|Any CPU.ActiveCfg = Release|Any CPU
		{E8A24401-83EA-4989-8DF2-D2388A41EEE6}.Release|Any CPU.Build.0 = Release|Any CPU
		{CC316325-EE6D-4D6A-917F-D8814F3B2E39}.Debug|Any CPU.ActiveCfg = Debug|Any CPU
		{CC316325-EE6D-4D6A-917F-D8814F3B2E39}.Debug|Any CPU.Build.0 = Debug|Any CPU
		{CC316325-EE6D-4D6A-917F-D8814F3B2E39}.Release|Any CPU.ActiveCfg = Release|Any CPU
		{CC316325-EE6D-4D6A-917F-D8814F3B2E39}.Release|Any CPU.Build.0 = Release|Any CPU
		{01311067-0CF3-42AB-877E-9FDD1C937055}.Debug|Any CPU.ActiveCfg = Debug|Any CPU
		{01311067-0CF3-42AB-877E-9FDD1C937055}.Debug|Any CPU.Build.0 = Debug|Any CPU
		{01311067-0CF3-42AB-877E-9FDD1C937055}.Release|Any CPU.ActiveCfg = Release|Any CPU
		{01311067-0CF3-42AB-877E-9FDD1C937055}.Release|Any CPU.Build.0 = Release|Any CPU
		{CC204E3A-37E8-49A3-9D56-EEA17C3E73C1}.Debug|Any CPU.ActiveCfg = Debug|Any CPU
		{CC204E3A-37E8-49A3-9D56-EEA17C3E73C1}.Debug|Any CPU.Build.0 = Debug|Any CPU
		{CC204E3A-37E8-49A3-9D56-EEA17C3E73C1}.Release|Any CPU.ActiveCfg = Release|Any CPU
		{CC204E3A-37E8-49A3-9D56-EEA17C3E73C1}.Release|Any CPU.Build.0 = Release|Any CPU
		{AA7DDEB9-8BE6-4679-B23F-2D675FAE7ED3}.Debug|Any CPU.ActiveCfg = Debug|Any CPU
		{AA7DDEB9-8BE6-4679-B23F-2D675FAE7ED3}.Debug|Any CPU.Build.0 = Debug|Any CPU
		{AA7DDEB9-8BE6-4679-B23F-2D675FAE7ED3}.Release|Any CPU.ActiveCfg = Release|Any CPU
		{AA7DDEB9-8BE6-4679-B23F-2D675FAE7ED3}.Release|Any CPU.Build.0 = Release|Any CPU
	EndGlobalSection
	GlobalSection(NestedProjects) = preSolution
		{D83BCF6C-31FB-40B3-BE7C-E70575AFD9EC} = {DC297990-5BCF-41E8-B1E6-1242AD16DA72}
		{6776AA38-E156-40BC-98DE-8A18BA6EFE92} = {DC297990-5BCF-41E8-B1E6-1242AD16DA72}
		{3E693C03-F9AB-4D20-8852-A0D6D8EF2E24} = {DC297990-5BCF-41E8-B1E6-1242AD16DA72}
		{B1EEF537-7043-4551-988B-6505A77B293A} = {DC297990-5BCF-41E8-B1E6-1242AD16DA72}
		{F8152D2A-0E1B-4146-98E5-42B422AFDD55} = {F274060D-774E-4EAA-9B0D-5A4F73A4CD68}
		{E8A24401-83EA-4989-8DF2-D2388A41EEE6} = {9635C57E-2A5A-454B-A3F0-218660A522FF}
		{CC316325-EE6D-4D6A-917F-D8814F3B2E39} = {9635C57E-2A5A-454B-A3F0-218660A522FF}
		{01311067-0CF3-42AB-877E-9FDD1C937055} = {9635C57E-2A5A-454B-A3F0-218660A522FF}
		{CC204E3A-37E8-49A3-9D56-EEA17C3E73C1} = {9635C57E-2A5A-454B-A3F0-218660A522FF}
		{AA7DDEB9-8BE6-4679-B23F-2D675FAE7ED3} = {9635C57E-2A5A-454B-A3F0-218660A522FF}
	EndGlobalSection
EndGlobal
